{
  "name": "@macrosuite/cli",
  "version": "0.1.0",
  "lockfileVersion": 3,
  "requires": true,
  "packages": {
    "": {
      "name": "@macrosuite/cli",
      "version": "0.1.0",
      "license": "UNLICENSED",
      "dependencies": {
        "@macrosuite/client": "file:vendor/macrosuite-client"
      },
      "bin": {
        "macrosuite": "bin/macrosuite.mjs"
      },
      "engines": {
        "node": ">=18"
      }
    },
    "node_modules/@macrosuite/client": {
      "resolved": "vendor/macrosuite-client",
      "link": true
    },
    "vendor/macrosuite-client": {
      "name": "@macrosuite/client",
      "version": "0.1.0",
      "license": "UNLICENSED",
      "engines": {
        "node": ">=18"
      }
    }
  }
}
